
Microsoft Visual Studio Solution File, Format Version 12.00
# Visual Studio Version 17
VisualStudioVersion = 17.11.35312.102
MinimumVisualStudioVersion = 10.0.40219.1
Project("{FAE04EC0-301F-11D3-BF4B-00C04F79EFBC}") = "Parallel-programming-of-the-library", "Parallel-programming-of-the-library\Parallel-programming-of-the-library.csproj", "{8F8601EB-DA06-45A7-BAD9-D7355C568A77}"
EndProject
Global
	GlobalSection(SolutionConfigurationPlatforms) = preSolution
		Debug|Any CPU = Debug|Any CPU
		Release|Any CPU = Release|Any CPU
	EndGlobalSection
	GlobalSection(ProjectConfigurationPlatforms) = postSolution
		{8F8601EB-DA06-45A7-BAD9-D7355C568A77}.Debug|Any CPU.ActiveCfg = Debug|Any CPU
		{8F8601EB-DA06-45A7-BAD9-D7355C568A77}.Debug|Any CPU.Build.0 = Debug|Any CPU
		{8F8601EB-DA06-45A7-BAD9-D7355C568A77}.Release|Any CPU.ActiveCfg = Release|Any CPU
		{8F8601EB-DA06-45A7-BAD9-D7355C568A77}.Release|Any CPU.Build.0 = Release|Any CPU
	EndGlobalSection
	GlobalSection(SolutionProperties) = preSolution
		HideSolutionNode = FALSE
	EndGlobalSection
	GlobalSection(ExtensibilityGlobals) = postSolution
		SolutionGuid = {087FC45E-B0B3-4B5E-8C4B-07A6806879B8}
	EndGlobalSection
EndGlobal
